
Microsoft Visual Studio Solution File, Format Version 12.00
# Visual Studio Version 17
VisualStudioVersion = 17.1.32328.378
MinimumVisualStudioVersion = 10.0.40219.1
Project("{9A19103F-16F7-4668-BE54-9A1E7A4F7556}") = "ExampleProject", "ExampleProject\ExampleProject.csproj", "{B692EFCA-7D2B-440E-BD16-22F3C0C6A3AA}"
EndProject
Project("{FAE04EC0-301F-11D3-BF4B-00C04F79EFBC}") = "DAL", "DAL\DAL.csproj", "{74481AC6-E029-4068-B40E-0BC9F8603AFA}"
EndProject
Global
	GlobalSection(SolutionConfigurationPlatforms) = preSolution
		Debug|Any CPU = Debug|Any CPU
		Release|Any CPU = Release|Any CPU
	EndGlobalSection
	GlobalSection(ProjectConfigurationPlatforms) = postSolution
		{B692EFCA-7D2B-440E-BD16-22F3C0C6A3AA}.Debug|Any CPU.ActiveCfg = Debug|Any CPU
		{B692EFCA-7D2B-440E-BD16-22F3C0C6A3AA}.Debug|Any CPU.Build.0 = Debug|Any CPU
		{B692EFCA-7D2B-440E-BD16-22F3C0C6A3AA}.Release|Any CPU.ActiveCfg = Release|Any CPU
		{B692EFCA-7D2B-440E-BD16-22F3C0C6A3AA}.Release|Any CPU.Build.0 = Release|Any CPU
		{74481AC6-E029-4068-B40E-0BC9F8603AFA}.Debug|Any CPU.ActiveCfg = Debug|Any CPU
		{74481AC6-E029-4068-B40E-0BC9F8603AFA}.Debug|Any CPU.Build.0 = Debug|Any CPU
		{74481AC6-E029-4068-B40E-0BC9F8603AFA}.Release|Any CPU.ActiveCfg = Release|Any CPU
		{74481AC6-E029-4068-B40E-0BC9F8603AFA}.Release|Any CPU.Build.0 = Release|Any CPU
	EndGlobalSection
	GlobalSection(SolutionProperties) = preSolution
		HideSolutionNode = FALSE
	EndGlobalSection
	GlobalSection(ExtensibilityGlobals) = postSolution
		SolutionGuid = {AD44D422-42D3-444C-9260-6594AC9DB7C5}
	EndGlobalSection
EndGlobal
